// !$*UTF8*$!
{
	archiveVersion = 1;
	classes = {
	};
	objectVersion = 56;
	objects = {

/* Begin PBXBuildFile section */
		B27D5FE32D96226B00CAE465 /* SecondViewController.swift in Sources */ = {isa = PBXBuildFile; fileRef = B27D5FE22D96226B00CAE465 /* SecondViewController.swift */; };
		B27D5FE82DA58A9700CAE465 /* Localizable.strings in Resources */ = {isa = PBXBuildFile; fileRef = B27D5FEA2DA58A9700CAE465 /* Localizable.strings */; };
		B27D5FEF2DA58E9300CAE465 /* String+Ex.swift in Sources */ = {isa = PBXBuildFile; fileRef = B27D5FEE2DA58E9300CAE465 /* String+Ex.swift */; };
		B28BA3B12D95AD0D00467D11 /* AppDelegate.swift in Sources */ = {isa = PBXBuildFile; fileRef = B28BA3B02D95AD0D00467D11 /* AppDelegate.swift */; };
		B28BA3B32D95AD0D00467D11 /* SceneDelegate.swift in Sources */ = {isa = PBXBuildFile; fileRef = B28BA3B22D95AD0D00467D11 /* SceneDelegate.swift */; };
		B28BA3B52D95AD0D00467D11 /* ViewController.swift in Sources */ = {isa = PBXBuildFile; fileRef = B28BA3B42D95AD0D00467D11 /* ViewController.swift */; };
		B28BA3B82D95AD0D00467D11 /* Main.storyboard in Resources */ = {isa = PBXBuildFile; fileRef = B28BA3B62D95AD0D00467D11 /* Main.storyboard */; };
		B28BA3BA2D95AD0E00467D11 /* Assets.xcassets in Resources */ = {isa = PBXBuildFile; fileRef = B28BA3B92D95AD0E00467D11 /* Assets.xcassets */; };
		B28BA3BD2D95AD0E00467D11 /* LaunchScreen.storyboard in Resources */ = {isa = PBXBuildFile; fileRef = B28BA3BB2D95AD0E00467D11 /* LaunchScreen.storyboard */; };
/* End PBXBuildFile section */

/* Begin PBXFileReference section */
		B27D5FE22D96226B00CAE465 /* SecondViewController.swift */ = {isa = PBXFileReference; lastKnownFileType = sourcecode.swift; path = SecondViewController.swift; sourceTree = "<group>"; };
		B27D5FE42DA58A2F00CAE465 /* ru */ = {isa = PBXFileReference; lastKnownFileType = text.plist.strings; name = ru; path = ru.lproj/Main.strings; sourceTree = "<group>"; };
		B27D5FE52DA58A2F00CAE465 /* ru */ = {isa = PBXFileReference; lastKnownFileType = text.plist.strings; name = ru; path = ru.lproj/LaunchScreen.strings; sourceTree = "<group>"; };
		B27D5FE92DA58A9700CAE465 /* ru */ = {isa = PBXFileReference; lastKnownFileType = text.plist.strings; name = ru; path = ru.lproj/Localizable.strings; sourceTree = "<group>"; };
		B27D5FEE2DA58E9300CAE465 /* String+Ex.swift */ = {isa = PBXFileReference; lastKnownFileType = sourcecode.swift; path = "String+Ex.swift"; sourceTree = "<group>"; };
		B28BA3AD2D95AD0D00467D11 /* Login App.app */ = {isa = PBXFileReference; explicitFileType = wrapper.application; includeInIndex = 0; path = "Login App.app"; sourceTree = BUILT_PRODUCTS_DIR; };
		B28BA3B02D95AD0D00467D11 /* AppDelegate.swift */ = {isa = PBXFileReference; lastKnownFileType = sourcecode.swift; path = AppDelegate.swift; sourceTree = "<group>"; };
		B28BA3B22D95AD0D00467D11 /* SceneDelegate.swift */ = {isa = PBXFileReference; lastKnownFileType = sourcecode.swift; path = SceneDelegate.swift; sourceTree = "<group>"; };
		B28BA3B42D95AD0D00467D11 /* ViewController.swift */ = {isa = PBXFileReference; lastKnownFileType = sourcecode.swift; path = ViewController.swift; sourceTree = "<group>"; };
		B28BA3B72D95AD0D00467D11 /* Base */ = {isa = PBXFileReference; lastKnownFileType = file.storyboard; name = Base; path = Base.lproj/Main.storyboard; sourceTree = "<group>"; };
		B28BA3B92D95AD0E00467D11 /* Assets.xcassets */ = {isa = PBXFileReference; lastKnownFileType = folder.assetcatalog; path = Assets.xcassets; sourceTree = "<group>"; };
		B28BA3BC2D95AD0E00467D11 /* Base */ = {isa = PBXFileReference; lastKnownFileType = file.storyboard; name = Base; path = Base.lproj/LaunchScreen.storyboard; sourceTree = "<group>"; };
		B28BA3BE2D95AD0E00467D11 /* Info.plist */ = {isa = PBXFileReference; lastKnownFileType = text.plist.xml; path = Info.plist; sourceTree = "<group>"; };
/* End PBXFileReference section */

/* Begin PBXFrameworksBuildPhase section */
		B28BA3AA2D95AD0D00467D11 /* Frameworks */ = {
			isa = PBXFrameworksBuildPhase;
			buildActionMask = 2147483647;
			files = (
			);
			runOnlyForDeploymentPostprocessing = 0;
		};
/* End PBXFrameworksBuildPhase section */

/* Begin PBXGroup section */
		B28BA3A42D95AD0D00467D11 = {
			isa = PBXGroup;
			children = (
				B28BA3AF2D95AD0D00467D11 /* Login App */,
				B28BA3AE2D95AD0D00467D11 /* Products */,
			);
			sourceTree = "<group>";
		};
		B28BA3AE2D95AD0D00467D11 /* Products */ = {
			isa = PBXGroup;
			children = (
				B28BA3AD2D95AD0D00467D11 /* Login App.app */,
			);
			name = Products;
			sourceTree = "<group>";
		};
		B28BA3AF2D95AD0D00467D11 /* Login App */ = {
			isa = PBXGroup;
			children = (
				B28BA3B02D95AD0D00467D11 /* AppDelegate.swift */,
				B28BA3B22D95AD0D00467D11 /* SceneDelegate.swift */,
				B28BA3B42D95AD0D00467D11 /* ViewController.swift */,
				B27D5FE22D96226B00CAE465 /* SecondViewController.swift */,
				B27D5FEE2DA58E9300CAE465 /* String+Ex.swift */,
				B28BA3B62D95AD0D00467D11 /* Main.storyboard */,
				B28BA3B92D95AD0E00467D11 /* Assets.xcassets */,
				B27D5FEA2DA58A9700CAE465 /* Localizable.strings */,
				B28BA3BB2D95AD0E00467D11 /* LaunchScreen.storyboard */,
				B28BA3BE2D95AD0E00467D11 /* Info.plist */,
			);
			path = "Login App";
			sourceTree = "<group>";
		};
/* End PBXGroup section */

/* Begin PBXNativeTarget section */
		B28BA3AC2D95AD0D00467D11 /* Login App */ = {
			isa = PBXNativeTarget;
			buildConfigurationList = B28BA3C12D95AD0E00467D11 /* Build configuration list for PBXNativeTarget "Login App" */;
			buildPhases = (
				B28BA3A92D95AD0D00467D11 /* Sources */,
				B28BA3AA2D95AD0D00467D11 /* Frameworks */,
				B28BA3AB2D95AD0D00467D11 /* Resources */,
			);
			buildRules = (
			);
			dependencies = (
			);
			name = "Login App";
			productName = "Login App";
			productReference = B28BA3AD2D95AD0D00467D11 /* Login App.app */;
			productType = "com.apple.product-type.application";
		};
/* End PBXNativeTarget section */

/* Begin PBXProject section */
		B28BA3A52D95AD0D00467D11 /* Project object */ = {
			isa = PBXProject;
			attributes = {
				BuildIndependentTargetsInParallel = 1;
				LastSwiftUpdateCheck = 1430;
				LastUpgradeCheck = 1430;
				TargetAttributes = {
					B28BA3AC2D95AD0D00467D11 = {
						CreatedOnToolsVersion = 14.3.1;
					};
				};
			};
			buildConfigurationList = B28BA3A82D95AD0D00467D11 /* Build configuration list for PBXProject "Login App" */;
			compatibilityVersion = "Xcode 14.0";
			developmentRegion = en;
			hasScannedForEncodings = 0;
			knownRegions = (
				en,
				Base,
				ru,
			);
			mainGroup = B28BA3A42D95AD0D00467D11;
			productRefGroup = B28BA3AE2D95AD0D00467D11 /* Products */;
			projectDirPath = "";
			projectRoot = "";
			targets = (
				B28BA3AC2D95AD0D00467D11 /* Login App */,
			);
		};
/* End PBXProject section */

/* Begin PBXResourcesBuildPhase section */
		B28BA3AB2D95AD0D00467D11 /* Resources */ = {
			isa = PBXResourcesBuildPhase;
			buildActionMask = 2147483647;
			files = (
				B28BA3BD2D95AD0E00467D11 /* LaunchScreen.storyboard in Resources */,
				B27D5FE82DA58A9700CAE465 /* Localizable.strings in Resources */,
				B28BA3BA2D95AD0E00467D11 /* Assets.xcassets in Resources */,
				B28BA3B82D95AD0D00467D11 /* Main.storyboard in Resources */,
			);
			runOnlyForDeploymentPostprocessing = 0;
		};
/* End PBXResourcesBuildPhase section */

/* Begin PBXSourcesBuildPhase section */
		B28BA3A92D95AD0D00467D11 /* Sources */ = {
			isa = PBXSourcesBuildPhase;
			buildActionMask = 2147483647;
			files = (
				B27D5FE32D96226B00CAE465 /* SecondViewController.swift in Sources */,
				B27D5FEF2DA58E9300CAE465 /* String+Ex.swift in Sources */,
				B28BA3B52D95AD0D00467D11 /* ViewController.swift in Sources */,
				B28BA3B12D95AD0D00467D11 /* AppDelegate.swift in Sources */,
				B28BA3B32D95AD0D00467D11 /* SceneDelegate.swift in Sources */,
			);
			runOnlyForDeploymentPostprocessing = 0;
		};
/* End PBXSourcesBuildPhase section */

/* Begin PBXVariantGroup section */
		B27D5FEA2DA58A9700CAE465 /* Localizable.strings */ = {
			isa = PBXVariantGroup;
			children = (
				B27D5FE92DA58A9700CAE465 /* ru */,
			);
			name = Localizable.strings;
			sourceTree = "<group>";
		};
		B28BA3B62D95AD0D00467D11 /* Main.storyboard */ = {
			isa = PBXVariantGroup;
			children = (
				B28BA3B72D95AD0D00467D11 /* Base */,
				B27D5FE42DA58A2F00CAE465 /* ru */,
			);
			name = Main.storyboard;
			sourceTree = "<group>";
		};
		B28BA3BB2D95AD0E00467D11 /* LaunchScreen.storyboard */ = {
			isa = PBXVariantGroup;
			children = (
				B28BA3BC2D95AD0E00467D11 /* Base */,
				B27D5FE52DA58A2F00CAE465 /* ru */,
			);
			name = LaunchScreen.storyboard;
			sourceTree = "<group>";
		};
/* End PBXVariantGroup section */

/* Begin XCBuildConfiguration section */
		B28BA3BF2D95AD0E00467D11 /* Debug */ = {
			isa = XCBuildConfiguration;
			buildSettings = {
				ALWAYS_SEARCH_USER_PATHS = NO;
				CLANG_ANALYZER_LOCALIZABILITY_NONLOCALIZED = YES;
				CLANG_ANALYZER_NONNULL = YES;
				CLANG_ANALYZER_NUMBER_OBJECT_CONVERSION = YES_AGGRESSIVE;
				CLANG_CXX_LANGUAGE_STANDARD = "gnu++20";
				CLANG_ENABLE_MODULES = YES;
				CLANG_ENABLE_OBJC_ARC = YES;
				CLANG_ENABLE_OBJC_WEAK = YES;
				CLANG_WARN_BLOCK_CAPTURE_AUTORELEASING = YES;
				CLANG_WARN_BOOL_CONVERSION = YES;
				CLANG_WARN_COMMA = YES;
				CLANG_WARN_CONSTANT_CONVERSION = YES;
				CLANG_WARN_DEPRECATED_OBJC_IMPLEMENTATIONS = YES;
				CLANG_WARN_DIRECT_OBJC_ISA_USAGE = YES_ERROR;
				CLANG_WARN_DOCUMENTATION_COMMENTS = YES;
				CLANG_WARN_EMPTY_BODY = YES;
				CLANG_WARN_ENUM_CONVERSION = YES;
				CLANG_WARN_INFINITE_RECURSION = YES;
				CLANG_WARN_INT_CONVERSION = YES;
				CLANG_WARN_NON_LITERAL_NULL_CONVERSION = YES;
				CLANG_WARN_OBJC_IMPLICIT_RETAIN_SELF = YES;
				CLANG_WARN_OBJC_LITERAL_CONVERSION = YES;
				CLANG_WARN_OBJC_ROOT_CLASS = YES_ERROR;
				CLANG_WARN_QUOTED_INCLUDE_IN_FRAMEWORK_HEADER = YES;
				CLANG_WARN_RANGE_LOOP_ANALYSIS = YES;
				CLANG_WARN_STRICT_PROTOTYPES = YES;
				CLANG_WARN_SUSPICIOUS_MOVE = YES;
				CLANG_WARN_UNGUARDED_AVAILABILITY = YES_AGGRESSIVE;
				CLANG_WARN_UNREACHABLE_CODE = YES;
				CLANG_WARN__DUPLICATE_METHOD_MATCH = YES;
				COPY_PHASE_STRIP = NO;
				DEBUG_INFORMATION_FORMAT = dwarf;
				ENABLE_STRICT_OBJC_MSGSEND = YES;
				ENABLE_TESTABILITY = YES;
				GCC_C_LANGUAGE_STANDARD = gnu11;
				GCC_DYNAMIC_NO_PIC = NO;
				GCC_NO_COMMON_BLOCKS = YES;
				GCC_OPTIMIZATION_LEVEL = 0;
				GCC_PREPROCESSOR_DEFINITIONS = (
					"DEBUG=1",
					"$(inherited)",
				);
				GCC_WARN_64_TO_32_BIT_CONVERSION = YES;
				GCC_WARN_ABOUT_RETURN_TYPE = YES_ERROR;
				GCC_WARN_UNDECLARED_SELECTOR = YES;
				GCC_WARN_UNINITIALIZED_AUTOS = YES_AGGRESSIVE;
				GCC_WARN_UNUSED_FUNCTION = YES;
				GCC_WARN_UNUSED_VARIABLE = YES;
				IPHONEOS_DEPLOYMENT_TARGET = 16.4;
				MTL_ENABLE_DEBUG_INFO = INCLUDE_SOURCE;
				MTL_FAST_MATH = YES;
				ONLY_ACTIVE_ARCH = YES;
				SDKROOT = iphoneos;
				SWIFT_ACTIVE_COMPILATION_CONDITIONS = DEBUG;
				SWIFT_OPTIMIZATION_LEVEL = "-Onone";
			};
			name = Debug;
		};
		B28BA3C02D95AD0E00467D11 /* Release */ = {
			isa = XCBuildConfiguration;
			buildSettings = {
				ALWAYS_SEARCH_USER_PATHS = NO;
				CLANG_ANALYZER_LOCALIZABILITY_NONLOCALIZED = YES;
				CLANG_ANALYZER_NONNULL = YES;
				CLANG_ANALYZER_NUMBER_OBJECT_CONVERSION = YES_AGGRESSIVE;
				CLANG_CXX_LANGUAGE_STANDARD = "gnu++20";
				CLANG_ENABLE_MODULES = YES;
				CLANG_ENABLE_OBJC_ARC = YES;
				CLANG_ENABLE_OBJC_WEAK = YES;
				CLANG_WARN_BLOCK_CAPTURE_AUTORELEASING = YES;
				CLANG_WARN_BOOL_CONVERSION = YES;
				CLANG_WARN_COMMA = YES;
				CLANG_WARN_CONSTANT_CONVERSION = YES;
				CLANG_WARN_DEPRECATED_OBJC_IMPLEMENTATIONS = YES;
				CLANG_WARN_DIRECT_OBJC_ISA_USAGE = YES_ERROR;
				CLANG_WARN_DOCUMENTATION_COMMENTS = YES;
				CLANG_WARN_EMPTY_BODY = YES;
				CLANG_WARN_ENUM_CONVERSION = YES;
				CLANG_WARN_INFINITE_RECURSION = YES;
				CLANG_WARN_INT_CONVERSION = YES;
				CLANG_WARN_NON_LITERAL_NULL_CONVERSION = YES;
				CLANG_WARN_OBJC_IMPLICIT_RETAIN_SELF = YES;
				CLANG_WARN_OBJC_LITERAL_CONVERSION = YES;
				CLANG_WARN_OBJC_ROOT_CLASS = YES_ERROR;
				CLANG_WARN_QUOTED_INCLUDE_IN_FRAMEWORK_HEADER = YES;
				CLANG_WARN_RANGE_LOOP_ANALYSIS = YES;
				CLANG_WARN_STRICT_PROTOTYPES = YES;
				CLANG_WARN_SUSPICIOUS_MOVE = YES;
				CLANG_WARN_UNGUARDED_AVAILABILITY = YES_AGGRESSIVE;
				CLANG_WARN_UNREACHABLE_CODE = YES;
				CLANG_WARN__DUPLICATE_METHOD_MATCH = YES;
				COPY_PHASE_STRIP = NO;
				DEBUG_INFORMATION_FORMAT = "dwarf-with-dsym";
				ENABLE_NS_ASSERTIONS = NO;
				ENABLE_STRICT_OBJC_MSGSEND = YES;
				GCC_C_LANGUAGE_STANDARD = gnu11;
				GCC_NO_COMMON_BLOCKS = YES;
				GCC_WARN_64_TO_32_BIT_CONVERSION = YES;
				GCC_WARN_ABOUT_RETURN_TYPE = YES_ERROR;
				GCC_WARN_UNDECLARED_SELECTOR = YES;
				GCC_WARN_UNINITIALIZED_AUTOS = YES_AGGRESSIVE;
				GCC_WARN_UNUSED_FUNCTION = YES;
				GCC_WARN_UNUSED_VARIABLE = YES;
				IPHONEOS_DEPLOYMENT_TARGET = 16.4;
				MTL_ENABLE_DEBUG_INFO = NO;
				MTL_FAST_MATH = YES;
				SDKROOT = iphoneos;
				SWIFT_COMPILATION_MODE = wholemodule;
				SWIFT_OPTIMIZATION_LEVEL = "-O";
				VALIDATE_PRODUCT = YES;
			};
			name = Release;
		};
		B28BA3C22D95AD0E00467D11 /* Debug */ = {
			isa = XCBuildConfiguration;
			buildSettings = {
				ASSETCATALOG_COMPILER_APPICON_NAME = AppIcon;
				ASSETCATALOG_COMPILER_GLOBAL_ACCENT_COLOR_NAME = AccentColor;
				CODE_SIGN_STYLE = Automatic;
				CURRENT_PROJECT_VERSION = 1;
				DEVELOPMENT_TEAM = UZXDJNY6WY;
				GENERATE_INFOPLIST_FILE = YES;
				INFOPLIST_FILE = "Login App/Info.plist";
				INFOPLIST_KEY_UIApplicationSupportsIndirectInputEvents = YES;
				INFOPLIST_KEY_UILaunchStoryboardName = LaunchScreen;
				INFOPLIST_KEY_UIMainStoryboardFile = Main;
				INFOPLIST_KEY_UISupportedInterfaceOrientations_iPad = "UIInterfaceOrientationPortrait UIInterfaceOrientationPortraitUpsideDown UIInterfaceOrientationLandscapeLeft UIInterfaceOrientationLandscapeRight";
				INFOPLIST_KEY_UISupportedInterfaceOrientations_iPhone = "UIInterfaceOrientationPortrait UIInterfaceOrientationLandscapeLeft UIInterfaceOrientationLandscapeRight";
				LD_RUNPATH_SEARCH_PATHS = (
					"$(inherited)",
					"@executable_path/Frameworks",
				);
				MARKETING_VERSION = 1.0;
				PRODUCT_BUNDLE_IDENTIFIER = "my.personal-company.com.Login-App";
				PRODUCT_NAME = "$(TARGET_NAME)";
				SWIFT_EMIT_LOC_STRINGS = YES;
				SWIFT_VERSION = 5.0;
				TARGETED_DEVICE_FAMILY = "1,2";
			};
			name = Debug;
		};
		B28BA3C32D95AD0E00467D11 /* Release */ = {
			isa = XCBuildConfiguration;
			buildSettings = {
				ASSETCATALOG_COMPILER_APPICON_NAME = AppIcon;
				ASSETCATALOG_COMPILER_GLOBAL_ACCENT_COLOR_NAME = AccentColor;
				CODE_SIGN_STYLE = Automatic;
				CURRENT_PROJECT_VERSION = 1;
				DEVELOPMENT_TEAM = UZXDJNY6WY;
				GENERATE_INFOPLIST_FILE = YES;
				INFOPLIST_FILE = "Login App/Info.plist";
				INFOPLIST_KEY_UIApplicationSupportsIndirectInputEvents = YES;
				INFOPLIST_KEY_UILaunchStoryboardName = LaunchScreen;
				INFOPLIST_KEY_UIMainStoryboardFile = Main;
				INFOPLIST_KEY_UISupportedInterfaceOrientations_iPad = "UIInterfaceOrientationPortrait UIInterfaceOrientationPortraitUpsideDown UIInterfaceOrientationLandscapeLeft UIInterfaceOrientationLandscapeRight";
				INFOPLIST_KEY_UISupportedInterfaceOrientations_iPhone = "UIInterfaceOrientationPortrait UIInterfaceOrientationLandscapeLeft UIInterfaceOrientationLandscapeRight";
				LD_RUNPATH_SEARCH_PATHS = (
					"$(inherited)",
					"@executable_path/Frameworks",
				);
				MARKETING_VERSION = 1.0;
				PRODUCT_BUNDLE_IDENTIFIER = "my.personal-company.com.Login-App";
				PRODUCT_NAME = "$(TARGET_NAME)";
				SWIFT_EMIT_LOC_STRINGS = YES;
				SWIFT_VERSION = 5.0;
				TARGETED_DEVICE_FAMILY = "1,2";
			};
			name = Release;
		};
/* End XCBuildConfiguration section */

/* Begin XCConfigurationList section */
		B28BA3A82D95AD0D00467D11 /* Build configuration list for PBXProject "Login App" */ = {
			isa = XCConfigurationList;
			buildConfigurations = (
				B28BA3BF2D95AD0E00467D11 /* Debug */,
				B28BA3C02D95AD0E00467D11 /* Release */,
			);
			defaultConfigurationIsVisible = 0;
			defaultConfigurationName = Release;
		};
		B28BA3C12D95AD0E00467D11 /* Build configuration list for PBXNativeTarget "Login App" */ = {
			isa = XCConfigurationList;
			buildConfigurations = (
				B28BA3C22D95AD0E00467D11 /* Debug */,
				B28BA3C32D95AD0E00467D11 /* Release */,
			);
			defaultConfigurationIsVisible = 0;
			defaultConfigurationName = Release;
		};
/* End XCConfigurationList section */
	};
	rootObject = B28BA3A52D95AD0D00467D11 /* Project object */;
}
